// !$*UTF8*$!
{
	archiveVersion = 1;
	classes = {
	};
	objectVersion = 56;
	objects = {

/* Begin PBXBuildFile section */
		C503BCF72B7A2EC900C4AB12 /* AppDelegate.swift in Sources */ = {isa = PBXBuildFile; fileRef = C503BCF62B7A2EC900C4AB12 /* AppDelegate.swift */; };
		C503BCF92B7A2EC900C4AB12 /* SceneDelegate.swift in Sources */ = {isa = PBXBuildFile; fileRef = C503BCF82B7A2EC900C4AB12 /* SceneDelegate.swift */; };
		C503BD012B7A2EC900C4AB12 /* enessaglamtask.xcdatamodeld in Sources */ = {isa = PBXBuildFile; fileRef = C503BCFF2B7A2EC900C4AB12 /* enessaglamtask.xcdatamodeld */; };
		C503BD032B7A2ECA00C4AB12 /* Assets.xcassets in Resources */ = {isa = PBXBuildFile; fileRef = C503BD022B7A2ECA00C4AB12 /* Assets.xcassets */; };
		C503BD062B7A2ECA00C4AB12 /* LaunchScreen.storyboard in Resources */ = {isa = PBXBuildFile; fileRef = C503BD042B7A2ECA00C4AB12 /* LaunchScreen.storyboard */; };
		C503BD182B7A2EF700C4AB12 /* DataPersistingManager.swift in Sources */ = {isa = PBXBuildFile; fileRef = C503BD172B7A2EED00C4AB12 /* DataPersistingManager.swift */; };
		C503BD192B7A2EF700C4AB12 /* TaskPresentations.swift in Sources */ = {isa = PBXBuildFile; fileRef = C503BD162B7A2EED00C4AB12 /* TaskPresentations.swift */; };
		C503BD1C2B7A2EFE00C4AB12 /* DataService.swift in Sources */ = {isa = PBXBuildFile; fileRef = C503BD1A2B7A2EFE00C4AB12 /* DataService.swift */; };
		C503BD1D2B7A2EFE00C4AB12 /* TaskService.swift in Sources */ = {isa = PBXBuildFile; fileRef = C503BD1B2B7A2EFE00C4AB12 /* TaskService.swift */; };
		C503BD242B7A2F0E00C4AB12 /* TaskListBuilder.swift in Sources */ = {isa = PBXBuildFile; fileRef = C503BD1E2B7A2F0E00C4AB12 /* TaskListBuilder.swift */; };
		C503BD252B7A2F0F00C4AB12 /* TaskListContracts.swift in Sources */ = {isa = PBXBuildFile; fileRef = C503BD1F2B7A2F0E00C4AB12 /* TaskListContracts.swift */; };
		C503BD262B7A2F0F00C4AB12 /* TaskListVC.swift in Sources */ = {isa = PBXBuildFile; fileRef = C503BD202B7A2F0E00C4AB12 /* TaskListVC.swift */; };
		C503BD272B7A2F0F00C4AB12 /* TaskList.storyboard in Resources */ = {isa = PBXBuildFile; fileRef = C503BD212B7A2F0E00C4AB12 /* TaskList.storyboard */; };
		C503BD282B7A2F0F00C4AB12 /* TaskListCell.swift in Sources */ = {isa = PBXBuildFile; fileRef = C503BD222B7A2F0E00C4AB12 /* TaskListCell.swift */; };
		C503BD292B7A2F0F00C4AB12 /* TaskListViewModel.swift in Sources */ = {isa = PBXBuildFile; fileRef = C503BD232B7A2F0E00C4AB12 /* TaskListViewModel.swift */; };
		C503BD2D2B7A2F1900C4AB12 /* QrCodeScanner.storyboard in Resources */ = {isa = PBXBuildFile; fileRef = C503BD2A2B7A2F1900C4AB12 /* QrCodeScanner.storyboard */; };
		C503BD2E2B7A2F1900C4AB12 /* QRCodeViewController.swift in Sources */ = {isa = PBXBuildFile; fileRef = C503BD2B2B7A2F1900C4AB12 /* QRCodeViewController.swift */; };
		C503BD2F2B7A2F1900C4AB12 /* QRScannerBuilder.swift in Sources */ = {isa = PBXBuildFile; fileRef = C503BD2C2B7A2F1900C4AB12 /* QRScannerBuilder.swift */; };
		C503BD312B7A2F2500C4AB12 /* TaskModel.swift in Sources */ = {isa = PBXBuildFile; fileRef = C503BD302B7A2F2500C4AB12 /* TaskModel.swift */; };
		C503BD342B7A2FA600C4AB12 /* Alamofire in Frameworks */ = {isa = PBXBuildFile; productRef = C503BD332B7A2FA600C4AB12 /* Alamofire */; };
/* End PBXBuildFile section */

/* Begin PBXFileReference section */
		C503BCF32B7A2EC900C4AB12 /* enessaglamtask.app */ = {isa = PBXFileReference; explicitFileType = wrapper.application; includeInIndex = 0; path = enessaglamtask.app; sourceTree = BUILT_PRODUCTS_DIR; };
		C503BCF62B7A2EC900C4AB12 /* AppDelegate.swift */ = {isa = PBXFileReference; lastKnownFileType = sourcecode.swift; path = AppDelegate.swift; sourceTree = "<group>"; };
		C503BCF82B7A2EC900C4AB12 /* SceneDelegate.swift */ = {isa = PBXFileReference; lastKnownFileType = sourcecode.swift; path = SceneDelegate.swift; sourceTree = "<group>"; };
		C503BD002B7A2EC900C4AB12 /* enessaglamtask.xcdatamodel */ = {isa = PBXFileReference; lastKnownFileType = wrapper.xcdatamodel; path = enessaglamtask.xcdatamodel; sourceTree = "<group>"; };
		C503BD022B7A2ECA00C4AB12 /* Assets.xcassets */ = {isa = PBXFileReference; lastKnownFileType = folder.assetcatalog; path = Assets.xcassets; sourceTree = "<group>"; };
		C503BD052B7A2ECA00C4AB12 /* Base */ = {isa = PBXFileReference; lastKnownFileType = file.storyboard; name = Base; path = Base.lproj/LaunchScreen.storyboard; sourceTree = "<group>"; };
		C503BD072B7A2ECA00C4AB12 /* Info.plist */ = {isa = PBXFileReference; lastKnownFileType = text.plist.xml; path = Info.plist; sourceTree = "<group>"; };
		C503BD162B7A2EED00C4AB12 /* TaskPresentations.swift */ = {isa = PBXFileReference; lastKnownFileType = sourcecode.swift; path = TaskPresentations.swift; sourceTree = "<group>"; };
		C503BD172B7A2EED00C4AB12 /* DataPersistingManager.swift */ = {isa = PBXFileReference; lastKnownFileType = sourcecode.swift; path = DataPersistingManager.swift; sourceTree = "<group>"; };
		C503BD1A2B7A2EFE00C4AB12 /* DataService.swift */ = {isa = PBXFileReference; fileEncoding = 4; lastKnownFileType = sourcecode.swift; path = DataService.swift; sourceTree = "<group>"; };
		C503BD1B2B7A2EFE00C4AB12 /* TaskService.swift */ = {isa = PBXFileReference; fileEncoding = 4; lastKnownFileType = sourcecode.swift; path = TaskService.swift; sourceTree = "<group>"; };
		C503BD1E2B7A2F0E00C4AB12 /* TaskListBuilder.swift */ = {isa = PBXFileReference; fileEncoding = 4; lastKnownFileType = sourcecode.swift; path = TaskListBuilder.swift; sourceTree = "<group>"; };
		C503BD1F2B7A2F0E00C4AB12 /* TaskListContracts.swift */ = {isa = PBXFileReference; fileEncoding = 4; lastKnownFileType = sourcecode.swift; path = TaskListContracts.swift; sourceTree = "<group>"; };
		C503BD202B7A2F0E00C4AB12 /* TaskListVC.swift */ = {isa = PBXFileReference; fileEncoding = 4; lastKnownFileType = sourcecode.swift; path = TaskListVC.swift; sourceTree = "<group>"; };
		C503BD212B7A2F0E00C4AB12 /* TaskList.storyboard */ = {isa = PBXFileReference; fileEncoding = 4; lastKnownFileType = file.storyboard; path = TaskList.storyboard; sourceTree = "<group>"; };
		C503BD222B7A2F0E00C4AB12 /* TaskListCell.swift */ = {isa = PBXFileReference; fileEncoding = 4; lastKnownFileType = sourcecode.swift; path = TaskListCell.swift; sourceTree = "<group>"; };
		C503BD232B7A2F0E00C4AB12 /* TaskListViewModel.swift */ = {isa = PBXFileReference; fileEncoding = 4; lastKnownFileType = sourcecode.swift; path = TaskListViewModel.swift; sourceTree = "<group>"; };
		C503BD2A2B7A2F1900C4AB12 /* QrCodeScanner.storyboard */ = {isa = PBXFileReference; fileEncoding = 4; lastKnownFileType = file.storyboard; path = QrCodeScanner.storyboard; sourceTree = "<group>"; };
		C503BD2B2B7A2F1900C4AB12 /* QRCodeViewController.swift */ = {isa = PBXFileReference; fileEncoding = 4; lastKnownFileType = sourcecode.swift; path = QRCodeViewController.swift; sourceTree = "<group>"; };
		C503BD2C2B7A2F1900C4AB12 /* QRScannerBuilder.swift */ = {isa = PBXFileReference; fileEncoding = 4; lastKnownFileType = sourcecode.swift; path = QRScannerBuilder.swift; sourceTree = "<group>"; };
		C503BD302B7A2F2500C4AB12 /* TaskModel.swift */ = {isa = PBXFileReference; fileEncoding = 4; lastKnownFileType = sourcecode.swift; path = TaskModel.swift; sourceTree = "<group>"; };
/* End PBXFileReference section */

/* Begin PBXFrameworksBuildPhase section */
		C503BCF02B7A2EC900C4AB12 /* Frameworks */ = {
			isa = PBXFrameworksBuildPhase;
			buildActionMask = 2147483647;
			files = (
				C503BD342B7A2FA600C4AB12 /* Alamofire in Frameworks */,
			);
			runOnlyForDeploymentPostprocessing = 0;
		};
/* End PBXFrameworksBuildPhase section */

/* Begin PBXGroup section */
		C503BCEA2B7A2EC900C4AB12 = {
			isa = PBXGroup;
			children = (
				C503BCF52B7A2EC900C4AB12 /* enessaglamtask */,
				C503BCF42B7A2EC900C4AB12 /* Products */,
			);
			sourceTree = "<group>";
		};
		C503BCF42B7A2EC900C4AB12 /* Products */ = {
			isa = PBXGroup;
			children = (
				C503BCF32B7A2EC900C4AB12 /* enessaglamtask.app */,
			);
			name = Products;
			sourceTree = "<group>";
		};
		C503BCF52B7A2EC900C4AB12 /* enessaglamtask */ = {
			isa = PBXGroup;
			children = (
				C503BD162B7A2EED00C4AB12 /* TaskPresentations.swift */,
				C503BD172B7A2EED00C4AB12 /* DataPersistingManager.swift */,
				C503BD1A2B7A2EFE00C4AB12 /* DataService.swift */,
				C503BD1B2B7A2EFE00C4AB12 /* TaskService.swift */,
				C503BD212B7A2F0E00C4AB12 /* TaskList.storyboard */,
				C503BD1E2B7A2F0E00C4AB12 /* TaskListBuilder.swift */,
				C503BD222B7A2F0E00C4AB12 /* TaskListCell.swift */,
				C503BD1F2B7A2F0E00C4AB12 /* TaskListContracts.swift */,
				C503BD202B7A2F0E00C4AB12 /* TaskListVC.swift */,
				C503BD232B7A2F0E00C4AB12 /* TaskListViewModel.swift */,
				C503BD2A2B7A2F1900C4AB12 /* QrCodeScanner.storyboard */,
				C503BD2B2B7A2F1900C4AB12 /* QRCodeViewController.swift */,
				C503BD2C2B7A2F1900C4AB12 /* QRScannerBuilder.swift */,
				C503BD302B7A2F2500C4AB12 /* TaskModel.swift */,
				C503BCF62B7A2EC900C4AB12 /* AppDelegate.swift */,
				C503BCF82B7A2EC900C4AB12 /* SceneDelegate.swift */,
				C503BD022B7A2ECA00C4AB12 /* Assets.xcassets */,
				C503BD042B7A2ECA00C4AB12 /* LaunchScreen.storyboard */,
				C503BD072B7A2ECA00C4AB12 /* Info.plist */,
				C503BCFF2B7A2EC900C4AB12 /* enessaglamtask.xcdatamodeld */,
			);
			path = enessaglamtask;
			sourceTree = "<group>";
		};
/* End PBXGroup section */

/* Begin PBXNativeTarget section */
		C503BCF22B7A2EC900C4AB12 /* enessaglamtask */ = {
			isa = PBXNativeTarget;
			buildConfigurationList = C503BD0A2B7A2ECA00C4AB12 /* Build configuration list for PBXNativeTarget "enessaglamtask" */;
			buildPhases = (
				C503BCEF2B7A2EC900C4AB12 /* Sources */,
				C503BCF02B7A2EC900C4AB12 /* Frameworks */,
				C503BCF12B7A2EC900C4AB12 /* Resources */,
			);
			buildRules = (
			);
			dependencies = (
			);
			name = enessaglamtask;
			packageProductDependencies = (
				C503BD332B7A2FA600C4AB12 /* Alamofire */,
			);
			productName = enessaglamtask;
			productReference = C503BCF32B7A2EC900C4AB12 /* enessaglamtask.app */;
			productType = "com.apple.product-type.application";
		};
/* End PBXNativeTarget section */

/* Begin PBXProject section */
		C503BCEB2B7A2EC900C4AB12 /* Project object */ = {
			isa = PBXProject;
			attributes = {
				BuildIndependentTargetsInParallel = 1;
				LastSwiftUpdateCheck = 1510;
				LastUpgradeCheck = 1510;
				TargetAttributes = {
					C503BCF22B7A2EC900C4AB12 = {
						CreatedOnToolsVersion = 15.1;
					};
				};
			};
			buildConfigurationList = C503BCEE2B7A2EC900C4AB12 /* Build configuration list for PBXProject "enessaglamtask" */;
			compatibilityVersion = "Xcode 14.0";
			developmentRegion = en;
			hasScannedForEncodings = 0;
			knownRegions = (
				en,
				Base,
			);
			mainGroup = C503BCEA2B7A2EC900C4AB12;
			packageReferences = (
				C503BD322B7A2FA500C4AB12 /* XCRemoteSwiftPackageReference "Alamofire" */,
			);
			productRefGroup = C503BCF42B7A2EC900C4AB12 /* Products */;
			projectDirPath = "";
			projectRoot = "";
			targets = (
				C503BCF22B7A2EC900C4AB12 /* enessaglamtask */,
			);
		};
/* End PBXProject section */

/* Begin PBXResourcesBuildPhase section */
		C503BCF12B7A2EC900C4AB12 /* Resources */ = {
			isa = PBXResourcesBuildPhase;
			buildActionMask = 2147483647;
			files = (
				C503BD272B7A2F0F00C4AB12 /* TaskList.storyboard in Resources */,
				C503BD062B7A2ECA00C4AB12 /* LaunchScreen.storyboard in Resources */,
				C503BD032B7A2ECA00C4AB12 /* Assets.xcassets in Resources */,
				C503BD2D2B7A2F1900C4AB12 /* QrCodeScanner.storyboard in Resources */,
			);
			runOnlyForDeploymentPostprocessing = 0;
		};
/* End PBXResourcesBuildPhase section */

/* Begin PBXSourcesBuildPhase section */
		C503BCEF2B7A2EC900C4AB12 /* Sources */ = {
			isa = PBXSourcesBuildPhase;
			buildActionMask = 2147483647;
			files = (
				C503BD1D2B7A2EFE00C4AB12 /* TaskService.swift in Sources */,
				C503BD262B7A2F0F00C4AB12 /* TaskListVC.swift in Sources */,
				C503BD1C2B7A2EFE00C4AB12 /* DataService.swift in Sources */,
				C503BD2F2B7A2F1900C4AB12 /* QRScannerBuilder.swift in Sources */,
				C503BD282B7A2F0F00C4AB12 /* TaskListCell.swift in Sources */,
				C503BCF72B7A2EC900C4AB12 /* AppDelegate.swift in Sources */,
				C503BD292B7A2F0F00C4AB12 /* TaskListViewModel.swift in Sources */,
				C503BD192B7A2EF700C4AB12 /* TaskPresentations.swift in Sources */,
				C503BD242B7A2F0E00C4AB12 /* TaskListBuilder.swift in Sources */,
				C503BD182B7A2EF700C4AB12 /* DataPersistingManager.swift in Sources */,
				C503BD012B7A2EC900C4AB12 /* enessaglamtask.xcdatamodeld in Sources */,
				C503BD252B7A2F0F00C4AB12 /* TaskListContracts.swift in Sources */,
				C503BD2E2B7A2F1900C4AB12 /* QRCodeViewController.swift in Sources */,
				C503BD312B7A2F2500C4AB12 /* TaskModel.swift in Sources */,
				C503BCF92B7A2EC900C4AB12 /* SceneDelegate.swift in Sources */,
			);
			runOnlyForDeploymentPostprocessing = 0;
		};
/* End PBXSourcesBuildPhase section */

/* Begin PBXVariantGroup section */
		C503BD042B7A2ECA00C4AB12 /* LaunchScreen.storyboard */ = {
			isa = PBXVariantGroup;
			children = (
				C503BD052B7A2ECA00C4AB12 /* Base */,
			);
			name = LaunchScreen.storyboard;
			sourceTree = "<group>";
		};
/* End PBXVariantGroup section */

/* Begin XCBuildConfiguration section */
		C503BD082B7A2ECA00C4AB12 /* Debug */ = {
			isa = XCBuildConfiguration;
			buildSettings = {
				ALWAYS_SEARCH_USER_PATHS = NO;
				ASSETCATALOG_COMPILER_GENERATE_SWIFT_ASSET_SYMBOL_EXTENSIONS = YES;
				CLANG_ANALYZER_NONNULL = YES;
				CLANG_ANALYZER_NUMBER_OBJECT_CONVERSION = YES_AGGRESSIVE;
				CLANG_CXX_LANGUAGE_STANDARD = "gnu++20";
				CLANG_ENABLE_MODULES = YES;
				CLANG_ENABLE_OBJC_ARC = YES;
				CLANG_ENABLE_OBJC_WEAK = YES;
				CLANG_WARN_BLOCK_CAPTURE_AUTORELEASING = YES;
				CLANG_WARN_BOOL_CONVERSION = YES;
				CLANG_WARN_COMMA = YES;
				CLANG_WARN_CONSTANT_CONVERSION = YES;
				CLANG_WARN_DEPRECATED_OBJC_IMPLEMENTATIONS = YES;
				CLANG_WARN_DIRECT_OBJC_ISA_USAGE = YES_ERROR;
				CLANG_WARN_DOCUMENTATION_COMMENTS = YES;
				CLANG_WARN_EMPTY_BODY = YES;
				CLANG_WARN_ENUM_CONVERSION = YES;
				CLANG_WARN_INFINITE_RECURSION = YES;
				CLANG_WARN_INT_CONVERSION = YES;
				CLANG_WARN_NON_LITERAL_NULL_CONVERSION = YES;
				CLANG_WARN_OBJC_IMPLICIT_RETAIN_SELF = YES;
				CLANG_WARN_OBJC_LITERAL_CONVERSION = YES;
				CLANG_WARN_OBJC_ROOT_CLASS = YES_ERROR;
				CLANG_WARN_QUOTED_INCLUDE_IN_FRAMEWORK_HEADER = YES;
				CLANG_WARN_RANGE_LOOP_ANALYSIS = YES;
				CLANG_WARN_STRICT_PROTOTYPES = YES;
				CLANG_WARN_SUSPICIOUS_MOVE = YES;
				CLANG_WARN_UNGUARDED_AVAILABILITY = YES_AGGRESSIVE;
				CLANG_WARN_UNREACHABLE_CODE = YES;
				CLANG_WARN__DUPLICATE_METHOD_MATCH = YES;
				COPY_PHASE_STRIP = NO;
				DEBUG_INFORMATION_FORMAT = dwarf;
				ENABLE_STRICT_OBJC_MSGSEND = YES;
				ENABLE_TESTABILITY = YES;
				ENABLE_USER_SCRIPT_SANDBOXING = YES;
				GCC_C_LANGUAGE_STANDARD = gnu17;
				GCC_DYNAMIC_NO_PIC = NO;
				GCC_NO_COMMON_BLOCKS = YES;
				GCC_OPTIMIZATION_LEVEL = 0;
				GCC_PREPROCESSOR_DEFINITIONS = (
					"DEBUG=1",
					"$(inherited)",
				);
				GCC_WARN_64_TO_32_BIT_CONVERSION = YES;
				GCC_WARN_ABOUT_RETURN_TYPE = YES_ERROR;
				GCC_WARN_UNDECLARED_SELECTOR = YES;
				GCC_WARN_UNINITIALIZED_AUTOS = YES_AGGRESSIVE;
				GCC_WARN_UNUSED_FUNCTION = YES;
				GCC_WARN_UNUSED_VARIABLE = YES;
				IPHONEOS_DEPLOYMENT_TARGET = 17.2;
				LOCALIZATION_PREFERS_STRING_CATALOGS = YES;
				MTL_ENABLE_DEBUG_INFO = INCLUDE_SOURCE;
				MTL_FAST_MATH = YES;
				ONLY_ACTIVE_ARCH = YES;
				SDKROOT = iphoneos;
				SWIFT_ACTIVE_COMPILATION_CONDITIONS = "DEBUG $(inherited)";
				SWIFT_OPTIMIZATION_LEVEL = "-Onone";
			};
			name = Debug;
		};
		C503BD092B7A2ECA00C4AB12 /* Release */ = {
			isa = XCBuildConfiguration;
			buildSettings = {
				ALWAYS_SEARCH_USER_PATHS = NO;
				ASSETCATALOG_COMPILER_GENERATE_SWIFT_ASSET_SYMBOL_EXTENSIONS = YES;
				CLANG_ANALYZER_NONNULL = YES;
				CLANG_ANALYZER_NUMBER_OBJECT_CONVERSION = YES_AGGRESSIVE;
				CLANG_CXX_LANGUAGE_STANDARD = "gnu++20";
				CLANG_ENABLE_MODULES = YES;
				CLANG_ENABLE_OBJC_ARC = YES;
				CLANG_ENABLE_OBJC_WEAK = YES;
				CLANG_WARN_BLOCK_CAPTURE_AUTORELEASING = YES;
				CLANG_WARN_BOOL_CONVERSION = YES;
				CLANG_WARN_COMMA = YES;
				CLANG_WARN_CONSTANT_CONVERSION = YES;
				CLANG_WARN_DEPRECATED_OBJC_IMPLEMENTATIONS = YES;
				CLANG_WARN_DIRECT_OBJC_ISA_USAGE = YES_ERROR;
				CLANG_WARN_DOCUMENTATION_COMMENTS = YES;
				CLANG_WARN_EMPTY_BODY = YES;
				CLANG_WARN_ENUM_CONVERSION = YES;
				CLANG_WARN_INFINITE_RECURSION = YES;
				CLANG_WARN_INT_CONVERSION = YES;
				CLANG_WARN_NON_LITERAL_NULL_CONVERSION = YES;
				CLANG_WARN_OBJC_IMPLICIT_RETAIN_SELF = YES;
				CLANG_WARN_OBJC_LITERAL_CONVERSION = YES;
				CLANG_WARN_OBJC_ROOT_CLASS = YES_ERROR;
				CLANG_WARN_QUOTED_INCLUDE_IN_FRAMEWORK_HEADER = YES;
				CLANG_WARN_RANGE_LOOP_ANALYSIS = YES;
				CLANG_WARN_STRICT_PROTOTYPES = YES;
				CLANG_WARN_SUSPICIOUS_MOVE = YES;
				CLANG_WARN_UNGUARDED_AVAILABILITY = YES_AGGRESSIVE;
				CLANG_WARN_UNREACHABLE_CODE = YES;
				CLANG_WARN__DUPLICATE_METHOD_MATCH = YES;
				COPY_PHASE_STRIP = NO;
				DEBUG_INFORMATION_FORMAT = "dwarf-with-dsym";
				ENABLE_NS_ASSERTIONS = NO;
				ENABLE_STRICT_OBJC_MSGSEND = YES;
				ENABLE_USER_SCRIPT_SANDBOXING = YES;
				GCC_C_LANGUAGE_STANDARD = gnu17;
				GCC_NO_COMMON_BLOCKS = YES;
				GCC_WARN_64_TO_32_BIT_CONVERSION = YES;
				GCC_WARN_ABOUT_RETURN_TYPE = YES_ERROR;
				GCC_WARN_UNDECLARED_SELECTOR = YES;
				GCC_WARN_UNINITIALIZED_AUTOS = YES_AGGRESSIVE;
				GCC_WARN_UNUSED_FUNCTION = YES;
				GCC_WARN_UNUSED_VARIABLE = YES;
				IPHONEOS_DEPLOYMENT_TARGET = 17.2;
				LOCALIZATION_PREFERS_STRING_CATALOGS = YES;
				MTL_ENABLE_DEBUG_INFO = NO;
				MTL_FAST_MATH = YES;
				SDKROOT = iphoneos;
				SWIFT_COMPILATION_MODE = wholemodule;
				VALIDATE_PRODUCT = YES;
			};
			name = Release;
		};
		C503BD0B2B7A2ECA00C4AB12 /* Debug */ = {
			isa = XCBuildConfiguration;
			buildSettings = {
				ASSETCATALOG_COMPILER_APPICON_NAME = AppIcon;
				ASSETCATALOG_COMPILER_GLOBAL_ACCENT_COLOR_NAME = AccentColor;
				CODE_SIGN_STYLE = Automatic;
				CURRENT_PROJECT_VERSION = 1;
				DEVELOPMENT_TEAM = M7A4KHAH27;
				GENERATE_INFOPLIST_FILE = YES;
				INFOPLIST_FILE = enessaglamtask/Info.plist;
				INFOPLIST_KEY_UIApplicationSupportsIndirectInputEvents = YES;
				INFOPLIST_KEY_UILaunchStoryboardName = LaunchScreen;
				INFOPLIST_KEY_UISupportedInterfaceOrientations_iPad = "UIInterfaceOrientationPortrait UIInterfaceOrientationPortraitUpsideDown UIInterfaceOrientationLandscapeLeft UIInterfaceOrientationLandscapeRight";
				INFOPLIST_KEY_UISupportedInterfaceOrientations_iPhone = "UIInterfaceOrientationPortrait UIInterfaceOrientationLandscapeLeft UIInterfaceOrientationLandscapeRight";
				LD_RUNPATH_SEARCH_PATHS = (
					"$(inherited)",
					"@executable_path/Frameworks",
				);
				MARKETING_VERSION = 1.0;
				PRODUCT_BUNDLE_IDENTIFIER = com.enessaglam.enessaglamtask;
				PRODUCT_NAME = "$(TARGET_NAME)";
				SWIFT_EMIT_LOC_STRINGS = YES;
				SWIFT_VERSION = 5.0;
				TARGETED_DEVICE_FAMILY = "1,2";
			};
			name = Debug;
		};
		C503BD0C2B7A2ECA00C4AB12 /* Release */ = {
			isa = XCBuildConfiguration;
			buildSettings = {
				ASSETCATALOG_COMPILER_APPICON_NAME = AppIcon;
				ASSETCATALOG_COMPILER_GLOBAL_ACCENT_COLOR_NAME = AccentColor;
				CODE_SIGN_STYLE = Automatic;
				CURRENT_PROJECT_VERSION = 1;
				DEVELOPMENT_TEAM = M7A4KHAH27;
				GENERATE_INFOPLIST_FILE = YES;
				INFOPLIST_FILE = enessaglamtask/Info.plist;
				INFOPLIST_KEY_UIApplicationSupportsIndirectInputEvents = YES;
				INFOPLIST_KEY_UILaunchStoryboardName = LaunchScreen;
				INFOPLIST_KEY_UISupportedInterfaceOrientations_iPad = "UIInterfaceOrientationPortrait UIInterfaceOrientationPortraitUpsideDown UIInterfaceOrientationLandscapeLeft UIInterfaceOrientationLandscapeRight";
				INFOPLIST_KEY_UISupportedInterfaceOrientations_iPhone = "UIInterfaceOrientationPortrait UIInterfaceOrientationLandscapeLeft UIInterfaceOrientationLandscapeRight";
				LD_RUNPATH_SEARCH_PATHS = (
					"$(inherited)",
					"@executable_path/Frameworks",
				);
				MARKETING_VERSION = 1.0;
				PRODUCT_BUNDLE_IDENTIFIER = com.enessaglam.enessaglamtask;
				PRODUCT_NAME = "$(TARGET_NAME)";
				SWIFT_EMIT_LOC_STRINGS = YES;
				SWIFT_VERSION = 5.0;
				TARGETED_DEVICE_FAMILY = "1,2";
			};
			name = Release;
		};
/* End XCBuildConfiguration section */

/* Begin XCConfigurationList section */
		C503BCEE2B7A2EC900C4AB12 /* Build configuration list for PBXProject "enessaglamtask" */ = {
			isa = XCConfigurationList;
			buildConfigurations = (
				C503BD082B7A2ECA00C4AB12 /* Debug */,
				C503BD092B7A2ECA00C4AB12 /* Release */,
			);
			defaultConfigurationIsVisible = 0;
			defaultConfigurationName = Release;
		};
		C503BD0A2B7A2ECA00C4AB12 /* Build configuration list for PBXNativeTarget "enessaglamtask" */ = {
			isa = XCConfigurationList;
			buildConfigurations = (
				C503BD0B2B7A2ECA00C4AB12 /* Debug */,
				C503BD0C2B7A2ECA00C4AB12 /* Release */,
			);
			defaultConfigurationIsVisible = 0;
			defaultConfigurationName = Release;
		};
/* End XCConfigurationList section */

/* Begin XCRemoteSwiftPackageReference section */
		C503BD322B7A2FA500C4AB12 /* XCRemoteSwiftPackageReference "Alamofire" */ = {
			isa = XCRemoteSwiftPackageReference;
			repositoryURL = "https://github.com/Alamofire/Alamofire.git";
			requirement = {
				kind = upToNextMajorVersion;
				minimumVersion = 5.8.1;
			};
		};
/* End XCRemoteSwiftPackageReference section */

/* Begin XCSwiftPackageProductDependency section */
		C503BD332B7A2FA600C4AB12 /* Alamofire */ = {
			isa = XCSwiftPackageProductDependency;
			package = C503BD322B7A2FA500C4AB12 /* XCRemoteSwiftPackageReference "Alamofire" */;
			productName = Alamofire;
		};
/* End XCSwiftPackageProductDependency section */

/* Begin XCVersionGroup section */
		C503BCFF2B7A2EC900C4AB12 /* enessaglamtask.xcdatamodeld */ = {
			isa = XCVersionGroup;
			children = (
				C503BD002B7A2EC900C4AB12 /* enessaglamtask.xcdatamodel */,
			);
			currentVersion = C503BD002B7A2EC900C4AB12 /* enessaglamtask.xcdatamodel */;
			path = enessaglamtask.xcdatamodeld;
			sourceTree = "<group>";
			versionGroupType = wrapper.xcdatamodel;
		};
/* End XCVersionGroup section */
	};
	rootObject = C503BCEB2B7A2EC900C4AB12 /* Project object */;
}
